// !$*UTF8*$!
{
	archiveVersion = 1;
	classes = {
	};
	objectVersion = 48;
	objects = {

/* Begin PBXBuildFile section */
		975849D81FE069E7004F4B76 /* MotionDetection.swift in Sources */ = {isa = PBXBuildFile; fileRef = 975849D71FE069E7004F4B76 /* MotionDetection.swift */; };
		9783CF1E1FDAFC9400F3AAB5 /* TimeTracking.swift in Sources */ = {isa = PBXBuildFile; fileRef = 9783CF1D1FDAFC9400F3AAB5 /* TimeTracking.swift */; };
		97A6284A1FD05BA800A0B08B /* AppDelegate.swift in Sources */ = {isa = PBXBuildFile; fileRef = 97A628491FD05BA800A0B08B /* AppDelegate.swift */; };
		97A6284C1FD05BA800A0B08B /* ViewController.swift in Sources */ = {isa = PBXBuildFile; fileRef = 97A6284B1FD05BA800A0B08B /* ViewController.swift */; };
		97A6284F1FD05BA800A0B08B /* Main.storyboard in Resources */ = {isa = PBXBuildFile; fileRef = 97A6284D1FD05BA800A0B08B /* Main.storyboard */; };
		97A628511FD05BA800A0B08B /* Assets.xcassets in Resources */ = {isa = PBXBuildFile; fileRef = 97A628501FD05BA800A0B08B /* Assets.xcassets */; };
		97A628541FD05BA800A0B08B /* LaunchScreen.storyboard in Resources */ = {isa = PBXBuildFile; fileRef = 97A628521FD05BA800A0B08B /* LaunchScreen.storyboard */; };
		97A6285C1FD061CF00A0B08B /* LocationServices.swift in Sources */ = {isa = PBXBuildFile; fileRef = 97A6285B1FD061CF00A0B08B /* LocationServices.swift */; };
		97D94CA21FD893D20051BE34 /* SpeedView.swift in Sources */ = {isa = PBXBuildFile; fileRef = 97D94CA11FD893D20051BE34 /* SpeedView.swift */; };
		97ECF6C81FDEE583008B0E12 /* LocationAddress.swift in Sources */ = {isa = PBXBuildFile; fileRef = 97ECF6C71FDEE583008B0E12 /* LocationAddress.swift */; };
/* End PBXBuildFile section */

/* Begin PBXFileReference section */
		975849D71FE069E7004F4B76 /* MotionDetection.swift */ = {isa = PBXFileReference; lastKnownFileType = sourcecode.swift; path = MotionDetection.swift; sourceTree = "<group>"; };
		975849DC1FE075C4004F4B76 /* locationServicesTest2.entitlements */ = {isa = PBXFileReference; lastKnownFileType = text.plist.entitlements; path = locationServicesTest2.entitlements; sourceTree = "<group>"; };
		9783CF1D1FDAFC9400F3AAB5 /* TimeTracking.swift */ = {isa = PBXFileReference; lastKnownFileType = sourcecode.swift; path = TimeTracking.swift; sourceTree = "<group>"; };
		97A628461FD05BA800A0B08B /* locationServicesTest2.app */ = {isa = PBXFileReference; explicitFileType = wrapper.application; includeInIndex = 0; path = locationServicesTest2.app; sourceTree = BUILT_PRODUCTS_DIR; };
		97A628491FD05BA800A0B08B /* AppDelegate.swift */ = {isa = PBXFileReference; lastKnownFileType = sourcecode.swift; path = AppDelegate.swift; sourceTree = "<group>"; };
		97A6284B1FD05BA800A0B08B /* ViewController.swift */ = {isa = PBXFileReference; lastKnownFileType = sourcecode.swift; path = ViewController.swift; sourceTree = "<group>"; };
		97A6284E1FD05BA800A0B08B /* Base */ = {isa = PBXFileReference; lastKnownFileType = file.storyboard; name = Base; path = Base.lproj/Main.storyboard; sourceTree = "<group>"; };
		97A628501FD05BA800A0B08B /* Assets.xcassets */ = {isa = PBXFileReference; lastKnownFileType = folder.assetcatalog; path = Assets.xcassets; sourceTree = "<group>"; };
		97A628531FD05BA800A0B08B /* Base */ = {isa = PBXFileReference; lastKnownFileType = file.storyboard; name = Base; path = Base.lproj/LaunchScreen.storyboard; sourceTree = "<group>"; };
		97A628551FD05BA800A0B08B /* Info.plist */ = {isa = PBXFileReference; lastKnownFileType = text.plist.xml; path = Info.plist; sourceTree = "<group>"; };
		97A6285B1FD061CF00A0B08B /* LocationServices.swift */ = {isa = PBXFileReference; lastKnownFileType = sourcecode.swift; path = LocationServices.swift; sourceTree = "<group>"; };
		97D94CA11FD893D20051BE34 /* SpeedView.swift */ = {isa = PBXFileReference; lastKnownFileType = sourcecode.swift; path = SpeedView.swift; sourceTree = "<group>"; };
		97ECF6C71FDEE583008B0E12 /* LocationAddress.swift */ = {isa = PBXFileReference; lastKnownFileType = sourcecode.swift; path = LocationAddress.swift; sourceTree = "<group>"; };
/* End PBXFileReference section */

/* Begin PBXFrameworksBuildPhase section */
		97A628431FD05BA800A0B08B /* Frameworks */ = {
			isa = PBXFrameworksBuildPhase;
			buildActionMask = 2147483647;
			files = (
			);
			runOnlyForDeploymentPostprocessing = 0;
		};
/* End PBXFrameworksBuildPhase section */

/* Begin PBXGroup section */
		975849D91FE075C3004F4B76 /* Frameworks */ = {
			isa = PBXGroup;
			children = (
			);
			name = Frameworks;
			sourceTree = "<group>";
		};
		97A6283D1FD05BA800A0B08B = {
			isa = PBXGroup;
			children = (
				97A628481FD05BA800A0B08B /* locationServicesTest2 */,
				97A628471FD05BA800A0B08B /* Products */,
				975849D91FE075C3004F4B76 /* Frameworks */,
			);
			sourceTree = "<group>";
		};
		97A628471FD05BA800A0B08B /* Products */ = {
			isa = PBXGroup;
			children = (
				97A628461FD05BA800A0B08B /* locationServicesTest2.app */,
			);
			name = Products;
			sourceTree = "<group>";
		};
		97A628481FD05BA800A0B08B /* locationServicesTest2 */ = {
			isa = PBXGroup;
			children = (
				975849DC1FE075C4004F4B76 /* locationServicesTest2.entitlements */,
				97A628491FD05BA800A0B08B /* AppDelegate.swift */,
				97A6285B1FD061CF00A0B08B /* LocationServices.swift */,
				97ECF6C71FDEE583008B0E12 /* LocationAddress.swift */,
				9783CF1D1FDAFC9400F3AAB5 /* TimeTracking.swift */,
				97D94CA11FD893D20051BE34 /* SpeedView.swift */,
				97A6284B1FD05BA800A0B08B /* ViewController.swift */,
				975849D71FE069E7004F4B76 /* MotionDetection.swift */,
				97A6284D1FD05BA800A0B08B /* Main.storyboard */,
				97A628501FD05BA800A0B08B /* Assets.xcassets */,
				97A628521FD05BA800A0B08B /* LaunchScreen.storyboard */,
				97A628551FD05BA800A0B08B /* Info.plist */,
			);
			path = locationServicesTest2;
			sourceTree = "<group>";
		};
/* End PBXGroup section */

/* Begin PBXNativeTarget section */
		97A628451FD05BA800A0B08B /* locationServicesTest2 */ = {
			isa = PBXNativeTarget;
			buildConfigurationList = 97A628581FD05BA800A0B08B /* Build configuration list for PBXNativeTarget "locationServicesTest2" */;
			buildPhases = (
				97A628421FD05BA800A0B08B /* Sources */,
				97A628431FD05BA800A0B08B /* Frameworks */,
				97A628441FD05BA800A0B08B /* Resources */,
			);
			buildRules = (
			);
			dependencies = (
			);
			name = locationServicesTest2;
			productName = locationServicesTest2;
			productReference = 97A628461FD05BA800A0B08B /* locationServicesTest2.app */;
			productType = "com.apple.product-type.application";
		};
/* End PBXNativeTarget section */

/* Begin PBXProject section */
		97A6283E1FD05BA800A0B08B /* Project object */ = {
			isa = PBXProject;
			attributes = {
				LastSwiftUpdateCheck = 0910;
				LastUpgradeCheck = 0910;
				ORGANIZATIONNAME = Paycom;
				TargetAttributes = {
					97A628451FD05BA800A0B08B = {
						CreatedOnToolsVersion = 9.1;
						ProvisioningStyle = Automatic;
						SystemCapabilities = {
							com.apple.BackgroundModes = {
								enabled = 1;
							};
							com.apple.HealthKit = {
								enabled = 0;
							};
						};
					};
				};
			};
			buildConfigurationList = 97A628411FD05BA800A0B08B /* Build configuration list for PBXProject "locationServicesTest2" */;
			compatibilityVersion = "Xcode 8.0";
			developmentRegion = en;
			hasScannedForEncodings = 0;
			knownRegions = (
				en,
				Base,
			);
			mainGroup = 97A6283D1FD05BA800A0B08B;
			productRefGroup = 97A628471FD05BA800A0B08B /* Products */;
			projectDirPath = "";
			projectRoot = "";
			targets = (
				97A628451FD05BA800A0B08B /* locationServicesTest2 */,
			);
		};
/* End PBXProject section */

/* Begin PBXResourcesBuildPhase section */
		97A628441FD05BA800A0B08B /* Resources */ = {
			isa = PBXResourcesBuildPhase;
			buildActionMask = 2147483647;
			files = (
				97A628541FD05BA800A0B08B /* LaunchScreen.storyboard in Resources */,
				97A628511FD05BA800A0B08B /* Assets.xcassets in Resources */,
				97A6284F1FD05BA800A0B08B /* Main.storyboard in Resources */,
			);
			runOnlyForDeploymentPostprocessing = 0;
		};
/* End PBXResourcesBuildPhase section */

/* Begin PBXSourcesBuildPhase section */
		97A628421FD05BA800A0B08B /* Sources */ = {
			isa = PBXSourcesBuildPhase;
			buildActionMask = 2147483647;
			files = (
				97A6284C1FD05BA800A0B08B /* ViewController.swift in Sources */,
				97ECF6C81FDEE583008B0E12 /* LocationAddress.swift in Sources */,
				97A6285C1FD061CF00A0B08B /* LocationServices.swift in Sources */,
				9783CF1E1FDAFC9400F3AAB5 /* TimeTracking.swift in Sources */,
				97D94CA21FD893D20051BE34 /* SpeedView.swift in Sources */,
				975849D81FE069E7004F4B76 /* MotionDetection.swift in Sources */,
				97A6284A1FD05BA800A0B08B /* AppDelegate.swift in Sources */,
			);
			runOnlyForDeploymentPostprocessing = 0;
		};
/* End PBXSourcesBuildPhase section */

/* Begin PBXVariantGroup section */
		97A6284D1FD05BA800A0B08B /* Main.storyboard */ = {
			isa = PBXVariantGroup;
			children = (
				97A6284E1FD05BA800A0B08B /* Base */,
			);
			name = Main.storyboard;
			sourceTree = "<group>";
		};
		97A628521FD05BA800A0B08B /* LaunchScreen.storyboard */ = {
			isa = PBXVariantGroup;
			children = (
				97A628531FD05BA800A0B08B /* Base */,
			);
			name = LaunchScreen.storyboard;
			sourceTree = "<group>";
		};
/* End PBXVariantGroup section */

/* Begin XCBuildConfiguration section */
		97A628561FD05BA800A0B08B /* Debug */ = {
			isa = XCBuildConfiguration;
			buildSettings = {
				ALWAYS_SEARCH_USER_PATHS = NO;
				CLANG_ANALYZER_NONNULL = YES;
				CLANG_ANALYZER_NUMBER_OBJECT_CONVERSION = YES_AGGRESSIVE;
				CLANG_CXX_LANGUAGE_STANDARD = "gnu++14";
				CLANG_CXX_LIBRARY = "libc++";
				CLANG_ENABLE_MODULES = YES;
				CLANG_ENABLE_OBJC_ARC = YES;
				CLANG_WARN_BLOCK_CAPTURE_AUTORELEASING = YES;
				CLANG_WARN_BOOL_CONVERSION = YES;
				CLANG_WARN_COMMA = YES;
				CLANG_WARN_CONSTANT_CONVERSION = YES;
				CLANG_WARN_DIRECT_OBJC_ISA_USAGE = YES_ERROR;
				CLANG_WARN_DOCUMENTATION_COMMENTS = YES;
				CLANG_WARN_EMPTY_BODY = YES;
				CLANG_WARN_ENUM_CONVERSION = YES;
				CLANG_WARN_INFINITE_RECURSION = YES;
				CLANG_WARN_INT_CONVERSION = YES;
				CLANG_WARN_NON_LITERAL_NULL_CONVERSION = YES;
				CLANG_WARN_OBJC_LITERAL_CONVERSION = YES;
				CLANG_WARN_OBJC_ROOT_CLASS = YES_ERROR;
				CLANG_WARN_RANGE_LOOP_ANALYSIS = YES;
				CLANG_WARN_STRICT_PROTOTYPES = YES;
				CLANG_WARN_SUSPICIOUS_MOVE = YES;
				CLANG_WARN_UNGUARDED_AVAILABILITY = YES_AGGRESSIVE;
				CLANG_WARN_UNREACHABLE_CODE = YES;
				CLANG_WARN__DUPLICATE_METHOD_MATCH = YES;
				CODE_SIGN_IDENTITY = "iPhone Developer";
				COPY_PHASE_STRIP = NO;
				DEBUG_INFORMATION_FORMAT = dwarf;
				ENABLE_STRICT_OBJC_MSGSEND = YES;
				ENABLE_TESTABILITY = YES;
				GCC_C_LANGUAGE_STANDARD = gnu11;
				GCC_DYNAMIC_NO_PIC = NO;
				GCC_NO_COMMON_BLOCKS = YES;
				GCC_OPTIMIZATION_LEVEL = 0;
				GCC_PREPROCESSOR_DEFINITIONS = (
					"DEBUG=1",
					"$(inherited)",
				);
				GCC_WARN_64_TO_32_BIT_CONVERSION = YES;
				GCC_WARN_ABOUT_RETURN_TYPE = YES_ERROR;
				GCC_WARN_UNDECLARED_SELECTOR = YES;
				GCC_WARN_UNINITIALIZED_AUTOS = YES_AGGRESSIVE;
				GCC_WARN_UNUSED_FUNCTION = YES;
				GCC_WARN_UNUSED_VARIABLE = YES;
				IPHONEOS_DEPLOYMENT_TARGET = 11.1;
				MTL_ENABLE_DEBUG_INFO = YES;
				ONLY_ACTIVE_ARCH = YES;
				SDKROOT = iphoneos;
				SWIFT_ACTIVE_COMPILATION_CONDITIONS = DEBUG;
				SWIFT_OPTIMIZATION_LEVEL = "-Onone";
			};
			name = Debug;
		};
		97A628571FD05BA800A0B08B /* Release */ = {
			isa = XCBuildConfiguration;
			buildSettings = {
				ALWAYS_SEARCH_USER_PATHS = NO;
				CLANG_ANALYZER_NONNULL = YES;
				CLANG_ANALYZER_NUMBER_OBJECT_CONVERSION = YES_AGGRESSIVE;
				CLANG_CXX_LANGUAGE_STANDARD = "gnu++14";
				CLANG_CXX_LIBRARY = "libc++";
				CLANG_ENABLE_MODULES = YES;
				CLANG_ENABLE_OBJC_ARC = YES;
				CLANG_WARN_BLOCK_CAPTURE_AUTORELEASING = YES;
				CLANG_WARN_BOOL_CONVERSION = YES;
				CLANG_WARN_COMMA = YES;
				CLANG_WARN_CONSTANT_CONVERSION = YES;
				CLANG_WARN_DIRECT_OBJC_ISA_USAGE = YES_ERROR;
				CLANG_WARN_DOCUMENTATION_COMMENTS = YES;
				CLANG_WARN_EMPTY_BODY = YES;
				CLANG_WARN_ENUM_CONVERSION = YES;
				CLANG_WARN_INFINITE_RECURSION = YES;
				CLANG_WARN_INT_CONVERSION = YES;
				CLANG_WARN_NON_LITERAL_NULL_CONVERSION = YES;
				CLANG_WARN_OBJC_LITERAL_CONVERSION = YES;
				CLANG_WARN_OBJC_ROOT_CLASS = YES_ERROR;
				CLANG_WARN_RANGE_LOOP_ANALYSIS = YES;
				CLANG_WARN_STRICT_PROTOTYPES = YES;
				CLANG_WARN_SUSPICIOUS_MOVE = YES;
				CLANG_WARN_UNGUARDED_AVAILABILITY = YES_AGGRESSIVE;
				CLANG_WARN_UNREACHABLE_CODE = YES;
				CLANG_WARN__DUPLICATE_METHOD_MATCH = YES;
				CODE_SIGN_IDENTITY = "iPhone Developer";
				COPY_PHASE_STRIP = NO;
				DEBUG_INFORMATION_FORMAT = "dwarf-with-dsym";
				ENABLE_NS_ASSERTIONS = NO;
				ENABLE_STRICT_OBJC_MSGSEND = YES;
				GCC_C_LANGUAGE_STANDARD = gnu11;
				GCC_NO_COMMON_BLOCKS = YES;
				GCC_WARN_64_TO_32_BIT_CONVERSION = YES;
				GCC_WARN_ABOUT_RETURN_TYPE = YES_ERROR;
				GCC_WARN_UNDECLARED_SELECTOR = YES;
				GCC_WARN_UNINITIALIZED_AUTOS = YES_AGGRESSIVE;
				GCC_WARN_UNUSED_FUNCTION = YES;
				GCC_WARN_UNUSED_VARIABLE = YES;
				IPHONEOS_DEPLOYMENT_TARGET = 11.1;
				MTL_ENABLE_DEBUG_INFO = NO;
				SDKROOT = iphoneos;
				SWIFT_OPTIMIZATION_LEVEL = "-Owholemodule";
				VALIDATE_PRODUCT = YES;
			};
			name = Release;
		};
		97A628591FD05BA800A0B08B /* Debug */ = {
			isa = XCBuildConfiguration;
			buildSettings = {
				ASSETCATALOG_COMPILER_APPICON_NAME = AppIcon;
				CODE_SIGN_STYLE = Automatic;
				DEVELOPMENT_TEAM = 89QJ3EVPGH;
				INFOPLIST_FILE = locationServicesTest2/Info.plist;
				IPHONEOS_DEPLOYMENT_TARGET = 10.3;
				LD_RUNPATH_SEARCH_PATHS = "$(inherited) @executable_path/Frameworks";
				PRODUCT_BUNDLE_IDENTIFIER = com.paycomonline.locationServicesTest2;
				PRODUCT_NAME = "$(TARGET_NAME)";
				SWIFT_VERSION = 4.0;
				TARGETED_DEVICE_FAMILY = "1,2";
			};
			name = Debug;
		};
		97A6285A1FD05BA800A0B08B /* Release */ = {
			isa = XCBuildConfiguration;
			buildSettings = {
				ASSETCATALOG_COMPILER_APPICON_NAME = AppIcon;
				CODE_SIGN_STYLE = Automatic;
				DEVELOPMENT_TEAM = 89QJ3EVPGH;
				INFOPLIST_FILE = locationServicesTest2/Info.plist;
				IPHONEOS_DEPLOYMENT_TARGET = 10.3;
				LD_RUNPATH_SEARCH_PATHS = "$(inherited) @executable_path/Frameworks";
				PRODUCT_BUNDLE_IDENTIFIER = com.paycomonline.locationServicesTest2;
				PRODUCT_NAME = "$(TARGET_NAME)";
				SWIFT_VERSION = 4.0;
				TARGETED_DEVICE_FAMILY = "1,2";
			};
			name = Release;
		};
/* End XCBuildConfiguration section */

/* Begin XCConfigurationList section */
		97A628411FD05BA800A0B08B /* Build configuration list for PBXProject "locationServicesTest2" */ = {
			isa = XCConfigurationList;
			buildConfigurations = (
				97A628561FD05BA800A0B08B /* Debug */,
				97A628571FD05BA800A0B08B /* Release */,
			);
			defaultConfigurationIsVisible = 0;
			defaultConfigurationName = Release;
		};
		97A628581FD05BA800A0B08B /* Build configuration list for PBXNativeTarget "locationServicesTest2" */ = {
			isa = XCConfigurationList;
			buildConfigurations = (
				97A628591FD05BA800A0B08B /* Debug */,
				97A6285A1FD05BA800A0B08B /* Release */,
			);
			defaultConfigurationIsVisible = 0;
			defaultConfigurationName = Release;
		};
/* End XCConfigurationList section */
	};
	rootObject = 97A6283E1FD05BA800A0B08B /* Project object */;
}
